
Microsoft Visual Studio Solution File, Format Version 12.00
# Visual Studio Version 17
VisualStudioVersion = 17.9.34728.123
MinimumVisualStudioVersion = 10.0.40219.1
Project("{FAE04EC0-301F-11D3-BF4B-00C04F79EFBC}") = "Tabuada", "Tabuada\Tabuada.csproj", "{B94DD5D3-A6D7-4B90-B2C7-143ED1D1D540}"
EndProject
Global
	GlobalSection(SolutionConfigurationPlatforms) = preSolution
		Debug|Any CPU = Debug|Any CPU
		Release|Any CPU = Release|Any CPU
	EndGlobalSection
	GlobalSection(ProjectConfigurationPlatforms) = postSolution
		{B94DD5D3-A6D7-4B90-B2C7-143ED1D1D540}.Debug|Any CPU.ActiveCfg = Debug|Any CPU
		{B94DD5D3-A6D7-4B90-B2C7-143ED1D1D540}.Debug|Any CPU.Build.0 = Debug|Any CPU
		{B94DD5D3-A6D7-4B90-B2C7-143ED1D1D540}.Release|Any CPU.ActiveCfg = Release|Any CPU
		{B94DD5D3-A6D7-4B90-B2C7-143ED1D1D540}.Release|Any CPU.Build.0 = Release|Any CPU
	EndGlobalSection
	GlobalSection(SolutionProperties) = preSolution
		HideSolutionNode = FALSE
	EndGlobalSection
	GlobalSection(ExtensibilityGlobals) = postSolution
		SolutionGuid = {AE7E3419-95B7-4D3B-B25E-2EDD7164C5B1}
	EndGlobalSection
EndGlobal
